// !$*UTF8*$!
{
	archiveVersion = 1;
	classes = {
	};
	objectVersion = 55;
	objects = {

/* Begin PBXBuildFile section */
		8F17EB2F2734A9250099599C /* LottoLuckTesterTests.swift in Sources */ = {isa = PBXBuildFile; fileRef = 8F17EB2E2734A9250099599C /* LottoLuckTesterTests.swift */; };
		8F3CC4DE272B2BF8002F17E2 /* LuckyNumbersTableViewController.swift in Sources */ = {isa = PBXBuildFile; fileRef = 8F3CC4DD272B2BF8002F17E2 /* LuckyNumbersTableViewController.swift */; };
		8F444E94273075D7008D0644 /* WinningNumbersTableViewCell.swift in Sources */ = {isa = PBXBuildFile; fileRef = 8F444E93273075D7008D0644 /* WinningNumbersTableViewCell.swift */; };
		8F7BCC5B2712B6EE00B6CF19 /* fonts in Resources */ = {isa = PBXBuildFile; fileRef = 8FA46A192712B41D00B0CF5F /* fonts */; };
		8F7BCC5D2714CECC00B6CF19 /* TextFieldNumberValidator.swift in Sources */ = {isa = PBXBuildFile; fileRef = 8F7BCC5C2714CECC00B6CF19 /* TextFieldNumberValidator.swift */; };
		8F7BCC5F271BAB1300B6CF19 /* LotteryCalculator.swift in Sources */ = {isa = PBXBuildFile; fileRef = 8F7BCC5E271BAB1300B6CF19 /* LotteryCalculator.swift */; };
		8FA46A16271115D400B0CF5F /* MainViewController.swift in Sources */ = {isa = PBXBuildFile; fileRef = 8FA46A15271115D400B0CF5F /* MainViewController.swift */; };
		8FBBCE5A270FAE7D007F3DEA /* AppDelegate.swift in Sources */ = {isa = PBXBuildFile; fileRef = 8FBBCE59270FAE7D007F3DEA /* AppDelegate.swift */; };
		8FBBCE5C270FAE7D007F3DEA /* SceneDelegate.swift in Sources */ = {isa = PBXBuildFile; fileRef = 8FBBCE5B270FAE7D007F3DEA /* SceneDelegate.swift */; };
		8FBBCE61270FAE7D007F3DEA /* Main.storyboard in Resources */ = {isa = PBXBuildFile; fileRef = 8FBBCE5F270FAE7D007F3DEA /* Main.storyboard */; };
		8FBBCE66270FAE7F007F3DEA /* Assets.xcassets in Resources */ = {isa = PBXBuildFile; fileRef = 8FBBCE65270FAE7F007F3DEA /* Assets.xcassets */; };
		8FBBCE69270FAE7F007F3DEA /* LaunchScreen.storyboard in Resources */ = {isa = PBXBuildFile; fileRef = 8FBBCE67270FAE7F007F3DEA /* LaunchScreen.storyboard */; };
/* End PBXBuildFile section */

/* Begin PBXContainerItemProxy section */
		8F17EB302734A9250099599C /* PBXContainerItemProxy */ = {
			isa = PBXContainerItemProxy;
			containerPortal = 8FBBCE4E270FAE7D007F3DEA /* Project object */;
			proxyType = 1;
			remoteGlobalIDString = 8FBBCE55270FAE7D007F3DEA;
			remoteInfo = LottoLuckTester;
		};
/* End PBXContainerItemProxy section */

/* Begin PBXFileReference section */
		0C22825101362B9A6D90C1B8 /* Pods-LottoLuckTester.release.xcconfig */ = {isa = PBXFileReference; includeInIndex = 1; lastKnownFileType = text.xcconfig; name = "Pods-LottoLuckTester.release.xcconfig"; path = "Target Support Files/Pods-LottoLuckTester/Pods-LottoLuckTester.release.xcconfig"; sourceTree = "<group>"; };
		8F17EB2C2734A9250099599C /* LottoLuckTesterTests.xctest */ = {isa = PBXFileReference; explicitFileType = wrapper.cfbundle; includeInIndex = 0; path = LottoLuckTesterTests.xctest; sourceTree = BUILT_PRODUCTS_DIR; };
		8F17EB2E2734A9250099599C /* LottoLuckTesterTests.swift */ = {isa = PBXFileReference; lastKnownFileType = sourcecode.swift; path = LottoLuckTesterTests.swift; sourceTree = "<group>"; };
		8F3CC4DD272B2BF8002F17E2 /* LuckyNumbersTableViewController.swift */ = {isa = PBXFileReference; lastKnownFileType = sourcecode.swift; path = LuckyNumbersTableViewController.swift; sourceTree = "<group>"; };
		8F444E93273075D7008D0644 /* WinningNumbersTableViewCell.swift */ = {isa = PBXFileReference; lastKnownFileType = sourcecode.swift; path = WinningNumbersTableViewCell.swift; sourceTree = "<group>"; };
		8F7BCC5C2714CECC00B6CF19 /* TextFieldNumberValidator.swift */ = {isa = PBXFileReference; lastKnownFileType = sourcecode.swift; path = TextFieldNumberValidator.swift; sourceTree = "<group>"; };
		8F7BCC5E271BAB1300B6CF19 /* LotteryCalculator.swift */ = {isa = PBXFileReference; lastKnownFileType = sourcecode.swift; path = LotteryCalculator.swift; sourceTree = "<group>"; };
		8FA46A15271115D400B0CF5F /* MainViewController.swift */ = {isa = PBXFileReference; lastKnownFileType = sourcecode.swift; path = MainViewController.swift; sourceTree = "<group>"; };
		8FA46A192712B41D00B0CF5F /* fonts */ = {isa = PBXFileReference; lastKnownFileType = folder; path = fonts; sourceTree = "<group>"; };
		8FBBCE56270FAE7D007F3DEA /* LottoLuckTester.app */ = {isa = PBXFileReference; explicitFileType = wrapper.application; includeInIndex = 0; path = LottoLuckTester.app; sourceTree = BUILT_PRODUCTS_DIR; };
		8FBBCE59270FAE7D007F3DEA /* AppDelegate.swift */ = {isa = PBXFileReference; lastKnownFileType = sourcecode.swift; path = AppDelegate.swift; sourceTree = "<group>"; };
		8FBBCE5B270FAE7D007F3DEA /* SceneDelegate.swift */ = {isa = PBXFileReference; lastKnownFileType = sourcecode.swift; path = SceneDelegate.swift; sourceTree = "<group>"; };
		8FBBCE60270FAE7D007F3DEA /* Base */ = {isa = PBXFileReference; lastKnownFileType = file.storyboard; name = Base; path = Base.lproj/Main.storyboard; sourceTree = "<group>"; };
		8FBBCE65270FAE7F007F3DEA /* Assets.xcassets */ = {isa = PBXFileReference; lastKnownFileType = folder.assetcatalog; path = Assets.xcassets; sourceTree = "<group>"; };
		8FBBCE68270FAE7F007F3DEA /* Base */ = {isa = PBXFileReference; lastKnownFileType = file.storyboard; name = Base; path = Base.lproj/LaunchScreen.storyboard; sourceTree = "<group>"; };
		8FBBCE6A270FAE7F007F3DEA /* Info.plist */ = {isa = PBXFileReference; lastKnownFileType = text.plist.xml; path = Info.plist; sourceTree = "<group>"; };
		C11E03B07B997F7385BB4E5F /* Pods_LottoLuckTester.framework */ = {isa = PBXFileReference; explicitFileType = wrapper.framework; includeInIndex = 0; path = Pods_LottoLuckTester.framework; sourceTree = BUILT_PRODUCTS_DIR; };
		DE5728BE26B08FA8A6D3894F /* Pods-LottoLuckTester.debug.xcconfig */ = {isa = PBXFileReference; includeInIndex = 1; lastKnownFileType = text.xcconfig; name = "Pods-LottoLuckTester.debug.xcconfig"; path = "Target Support Files/Pods-LottoLuckTester/Pods-LottoLuckTester.debug.xcconfig"; sourceTree = "<group>"; };
/* End PBXFileReference section */

/* Begin PBXFrameworksBuildPhase section */
		8F17EB292734A9250099599C /* Frameworks */ = {
			isa = PBXFrameworksBuildPhase;
			buildActionMask = 2147483647;
			files = (
			);
			runOnlyForDeploymentPostprocessing = 0;
		};
		8FBBCE53270FAE7D007F3DEA /* Frameworks */ = {
			isa = PBXFrameworksBuildPhase;
			buildActionMask = 2147483647;
			files = (
			);
			runOnlyForDeploymentPostprocessing = 0;
		};
/* End PBXFrameworksBuildPhase section */

/* Begin PBXGroup section */
		7103A899297C2D283B2BF578 /* Frameworks */ = {
			isa = PBXGroup;
			children = (
				C11E03B07B997F7385BB4E5F /* Pods_LottoLuckTester.framework */,
			);
			name = Frameworks;
			sourceTree = "<group>";
		};
		8F17EB2D2734A9250099599C /* LottoLuckTesterTests */ = {
			isa = PBXGroup;
			children = (
				8F17EB2E2734A9250099599C /* LottoLuckTesterTests.swift */,
			);
			path = LottoLuckTesterTests;
			sourceTree = "<group>";
		};
		8FBBCE4D270FAE7D007F3DEA = {
			isa = PBXGroup;
			children = (
				8FBBCE58270FAE7D007F3DEA /* LottoLuckTester */,
				8F17EB2D2734A9250099599C /* LottoLuckTesterTests */,
				8FBBCE57270FAE7D007F3DEA /* Products */,
				9404B82A1400BE99BB0D425E /* Pods */,
				7103A899297C2D283B2BF578 /* Frameworks */,
			);
			sourceTree = "<group>";
		};
		8FBBCE57270FAE7D007F3DEA /* Products */ = {
			isa = PBXGroup;
			children = (
				8FBBCE56270FAE7D007F3DEA /* LottoLuckTester.app */,
				8F17EB2C2734A9250099599C /* LottoLuckTesterTests.xctest */,
			);
			name = Products;
			sourceTree = "<group>";
		};
		8FBBCE58270FAE7D007F3DEA /* LottoLuckTester */ = {
			isa = PBXGroup;
			children = (
				8FA46A15271115D400B0CF5F /* MainViewController.swift */,
				8FBBCE59270FAE7D007F3DEA /* AppDelegate.swift */,
				8FBBCE5B270FAE7D007F3DEA /* SceneDelegate.swift */,
				8FBBCE5F270FAE7D007F3DEA /* Main.storyboard */,
				8FBBCE65270FAE7F007F3DEA /* Assets.xcassets */,
				8FBBCE67270FAE7F007F3DEA /* LaunchScreen.storyboard */,
				8FBBCE6A270FAE7F007F3DEA /* Info.plist */,
				8F7BCC5C2714CECC00B6CF19 /* TextFieldNumberValidator.swift */,
				8FA46A192712B41D00B0CF5F /* fonts */,
				8F7BCC5E271BAB1300B6CF19 /* LotteryCalculator.swift */,
				8F3CC4DD272B2BF8002F17E2 /* LuckyNumbersTableViewController.swift */,
				8F444E93273075D7008D0644 /* WinningNumbersTableViewCell.swift */,
			);
			path = LottoLuckTester;
			sourceTree = "<group>";
		};
		9404B82A1400BE99BB0D425E /* Pods */ = {
			isa = PBXGroup;
			children = (
				DE5728BE26B08FA8A6D3894F /* Pods-LottoLuckTester.debug.xcconfig */,
				0C22825101362B9A6D90C1B8 /* Pods-LottoLuckTester.release.xcconfig */,
			);
			path = Pods;
			sourceTree = "<group>";
		};
/* End PBXGroup section */

/* Begin PBXNativeTarget section */
		8F17EB2B2734A9250099599C /* LottoLuckTesterTests */ = {
			isa = PBXNativeTarget;
			buildConfigurationList = 8F17EB322734A9250099599C /* Build configuration list for PBXNativeTarget "LottoLuckTesterTests" */;
			buildPhases = (
				8F17EB282734A9250099599C /* Sources */,
				8F17EB292734A9250099599C /* Frameworks */,
				8F17EB2A2734A9250099599C /* Resources */,
			);
			buildRules = (
			);
			dependencies = (
				8F17EB312734A9250099599C /* PBXTargetDependency */,
			);
			name = LottoLuckTesterTests;
			productName = LottoLuckTesterTests;
			productReference = 8F17EB2C2734A9250099599C /* LottoLuckTesterTests.xctest */;
			productType = "com.apple.product-type.bundle.unit-test";
		};
		8FBBCE55270FAE7D007F3DEA /* LottoLuckTester */ = {
			isa = PBXNativeTarget;
			buildConfigurationList = 8FBBCE6D270FAE7F007F3DEA /* Build configuration list for PBXNativeTarget "LottoLuckTester" */;
			buildPhases = (
				E0EEB7BF6A2DF308040F6E59 /* [CP] Check Pods Manifest.lock */,
				8FBBCE52270FAE7D007F3DEA /* Sources */,
				8FBBCE53270FAE7D007F3DEA /* Frameworks */,
				8FBBCE54270FAE7D007F3DEA /* Resources */,
			);
			buildRules = (
			);
			dependencies = (
			);
			name = LottoLuckTester;
			productName = LottoLuckTester;
			productReference = 8FBBCE56270FAE7D007F3DEA /* LottoLuckTester.app */;
			productType = "com.apple.product-type.application";
		};
/* End PBXNativeTarget section */

/* Begin PBXProject section */
		8FBBCE4E270FAE7D007F3DEA /* Project object */ = {
			isa = PBXProject;
			attributes = {
				BuildIndependentTargetsInParallel = 1;
				LastSwiftUpdateCheck = 1310;
				LastUpgradeCheck = 1300;
				TargetAttributes = {
					8F17EB2B2734A9250099599C = {
						CreatedOnToolsVersion = 13.1;
						TestTargetID = 8FBBCE55270FAE7D007F3DEA;
					};
					8FBBCE55270FAE7D007F3DEA = {
						CreatedOnToolsVersion = 13.0;
					};
				};
			};
			buildConfigurationList = 8FBBCE51270FAE7D007F3DEA /* Build configuration list for PBXProject "LottoLuckTester" */;
			compatibilityVersion = "Xcode 13.0";
			developmentRegion = en;
			hasScannedForEncodings = 0;
			knownRegions = (
				en,
				Base,
			);
			mainGroup = 8FBBCE4D270FAE7D007F3DEA;
			productRefGroup = 8FBBCE57270FAE7D007F3DEA /* Products */;
			projectDirPath = "";
			projectRoot = "";
			targets = (
				8FBBCE55270FAE7D007F3DEA /* LottoLuckTester */,
				8F17EB2B2734A9250099599C /* LottoLuckTesterTests */,
			);
		};
/* End PBXProject section */

/* Begin PBXResourcesBuildPhase section */
		8F17EB2A2734A9250099599C /* Resources */ = {
			isa = PBXResourcesBuildPhase;
			buildActionMask = 2147483647;
			files = (
			);
			runOnlyForDeploymentPostprocessing = 0;
		};
		8FBBCE54270FAE7D007F3DEA /* Resources */ = {
			isa = PBXResourcesBuildPhase;
			buildActionMask = 2147483647;
			files = (
				8F7BCC5B2712B6EE00B6CF19 /* fonts in Resources */,
				8FBBCE69270FAE7F007F3DEA /* LaunchScreen.storyboard in Resources */,
				8FBBCE66270FAE7F007F3DEA /* Assets.xcassets in Resources */,
				8FBBCE61270FAE7D007F3DEA /* Main.storyboard in Resources */,
			);
			runOnlyForDeploymentPostprocessing = 0;
		};
/* End PBXResourcesBuildPhase section */

/* Begin PBXShellScriptBuildPhase section */
		E0EEB7BF6A2DF308040F6E59 /* [CP] Check Pods Manifest.lock */ = {
			isa = PBXShellScriptBuildPhase;
			buildActionMask = 2147483647;
			files = (
			);
			inputFileListPaths = (
			);
			inputPaths = (
				"${PODS_PODFILE_DIR_PATH}/Podfile.lock",
				"${PODS_ROOT}/Manifest.lock",
			);
			name = "[CP] Check Pods Manifest.lock";
			outputFileListPaths = (
			);
			outputPaths = (
				"$(DERIVED_FILE_DIR)/Pods-LottoLuckTester-checkManifestLockResult.txt",
			);
			runOnlyForDeploymentPostprocessing = 0;
			shellPath = /bin/sh;
			shellScript = "diff \"${PODS_PODFILE_DIR_PATH}/Podfile.lock\" \"${PODS_ROOT}/Manifest.lock\" > /dev/null\nif [ $? != 0 ] ; then\n    # print error to STDERR\n    echo \"error: The sandbox is not in sync with the Podfile.lock. Run 'pod install' or update your CocoaPods installation.\" >&2\n    exit 1\nfi\n# This output is used by Xcode 'outputs' to avoid re-running this script phase.\necho \"SUCCESS\" > \"${SCRIPT_OUTPUT_FILE_0}\"\n";
			showEnvVarsInLog = 0;
		};
/* End PBXShellScriptBuildPhase section */

/* Begin PBXSourcesBuildPhase section */
		8F17EB282734A9250099599C /* Sources */ = {
			isa = PBXSourcesBuildPhase;
			buildActionMask = 2147483647;
			files = (
				8F17EB2F2734A9250099599C /* LottoLuckTesterTests.swift in Sources */,
			);
			runOnlyForDeploymentPostprocessing = 0;
		};
		8FBBCE52270FAE7D007F3DEA /* Sources */ = {
			isa = PBXSourcesBuildPhase;
			buildActionMask = 2147483647;
			files = (
				8F3CC4DE272B2BF8002F17E2 /* LuckyNumbersTableViewController.swift in Sources */,
				8FBBCE5A270FAE7D007F3DEA /* AppDelegate.swift in Sources */,
				8F7BCC5D2714CECC00B6CF19 /* TextFieldNumberValidator.swift in Sources */,
				8FBBCE5C270FAE7D007F3DEA /* SceneDelegate.swift in Sources */,
				8FA46A16271115D400B0CF5F /* MainViewController.swift in Sources */,
				8F7BCC5F271BAB1300B6CF19 /* LotteryCalculator.swift in Sources */,
				8F444E94273075D7008D0644 /* WinningNumbersTableViewCell.swift in Sources */,
			);
			runOnlyForDeploymentPostprocessing = 0;
		};
/* End PBXSourcesBuildPhase section */

/* Begin PBXTargetDependency section */
		8F17EB312734A9250099599C /* PBXTargetDependency */ = {
			isa = PBXTargetDependency;
			target = 8FBBCE55270FAE7D007F3DEA /* LottoLuckTester */;
			targetProxy = 8F17EB302734A9250099599C /* PBXContainerItemProxy */;
		};
/* End PBXTargetDependency section */

/* Begin PBXVariantGroup section */
		8FBBCE5F270FAE7D007F3DEA /* Main.storyboard */ = {
			isa = PBXVariantGroup;
			children = (
				8FBBCE60270FAE7D007F3DEA /* Base */,
			);
			name = Main.storyboard;
			sourceTree = "<group>";
		};
		8FBBCE67270FAE7F007F3DEA /* LaunchScreen.storyboard */ = {
			isa = PBXVariantGroup;
			children = (
				8FBBCE68270FAE7F007F3DEA /* Base */,
			);
			name = LaunchScreen.storyboard;
			sourceTree = "<group>";
		};
/* End PBXVariantGroup section */

/* Begin XCBuildConfiguration section */
		8F17EB332734A9250099599C /* Debug */ = {
			isa = XCBuildConfiguration;
			buildSettings = {
				BUNDLE_LOADER = "$(TEST_HOST)";
				CODE_SIGN_STYLE = Automatic;
				CURRENT_PROJECT_VERSION = 1;
				DEVELOPMENT_TEAM = 8F6L8PBYP8;
				GENERATE_INFOPLIST_FILE = YES;
				LD_RUNPATH_SEARCH_PATHS = (
					"$(inherited)",
					"@executable_path/Frameworks",
					"@loader_path/Frameworks",
				);
				MARKETING_VERSION = 1.0;
				PRODUCT_BUNDLE_IDENTIFIER = com.codingwithnoah.LottoLuckTesterTests;
				PRODUCT_NAME = "$(TARGET_NAME)";
				SWIFT_EMIT_LOC_STRINGS = NO;
				SWIFT_VERSION = 5.0;
				TARGETED_DEVICE_FAMILY = "1,2";
				TEST_HOST = "$(BUILT_PRODUCTS_DIR)/LottoLuckTester.app/LottoLuckTester";
			};
			name = Debug;
		};
		8F17EB342734A9250099599C /* Release */ = {
			isa = XCBuildConfiguration;
			buildSettings = {
				BUNDLE_LOADER = "$(TEST_HOST)";
				CODE_SIGN_STYLE = Automatic;
				CURRENT_PROJECT_VERSION = 1;
				DEVELOPMENT_TEAM = 8F6L8PBYP8;
				GENERATE_INFOPLIST_FILE = YES;
				LD_RUNPATH_SEARCH_PATHS = (
					"$(inherited)",
					"@executable_path/Frameworks",
					"@loader_path/Frameworks",
				);
				MARKETING_VERSION = 1.0;
				PRODUCT_BUNDLE_IDENTIFIER = com.codingwithnoah.LottoLuckTesterTests;
				PRODUCT_NAME = "$(TARGET_NAME)";
				SWIFT_EMIT_LOC_STRINGS = NO;
				SWIFT_VERSION = 5.0;
				TARGETED_DEVICE_FAMILY = "1,2";
				TEST_HOST = "$(BUILT_PRODUCTS_DIR)/LottoLuckTester.app/LottoLuckTester";
			};
			name = Release;
		};
		8FBBCE6B270FAE7F007F3DEA /* Debug */ = {
			isa = XCBuildConfiguration;
			buildSettings = {
				ALWAYS_SEARCH_USER_PATHS = NO;
				CLANG_ANALYZER_NONNULL = YES;
				CLANG_ANALYZER_NUMBER_OBJECT_CONVERSION = YES_AGGRESSIVE;
				CLANG_CXX_LANGUAGE_STANDARD = "gnu++17";
				CLANG_CXX_LIBRARY = "libc++";
				CLANG_ENABLE_MODULES = YES;
				CLANG_ENABLE_OBJC_ARC = YES;
				CLANG_ENABLE_OBJC_WEAK = YES;
				CLANG_WARN_BLOCK_CAPTURE_AUTORELEASING = YES;
				CLANG_WARN_BOOL_CONVERSION = YES;
				CLANG_WARN_COMMA = YES;
				CLANG_WARN_CONSTANT_CONVERSION = YES;
				CLANG_WARN_DEPRECATED_OBJC_IMPLEMENTATIONS = YES;
				CLANG_WARN_DIRECT_OBJC_ISA_USAGE = YES_ERROR;
				CLANG_WARN_DOCUMENTATION_COMMENTS = YES;
				CLANG_WARN_EMPTY_BODY = YES;
				CLANG_WARN_ENUM_CONVERSION = YES;
				CLANG_WARN_INFINITE_RECURSION = YES;
				CLANG_WARN_INT_CONVERSION = YES;
				CLANG_WARN_NON_LITERAL_NULL_CONVERSION = YES;
				CLANG_WARN_OBJC_IMPLICIT_RETAIN_SELF = YES;
				CLANG_WARN_OBJC_LITERAL_CONVERSION = YES;
				CLANG_WARN_OBJC_ROOT_CLASS = YES_ERROR;
				CLANG_WARN_QUOTED_INCLUDE_IN_FRAMEWORK_HEADER = YES;
				CLANG_WARN_RANGE_LOOP_ANALYSIS = YES;
				CLANG_WARN_STRICT_PROTOTYPES = YES;
				CLANG_WARN_SUSPICIOUS_MOVE = YES;
				CLANG_WARN_UNGUARDED_AVAILABILITY = YES_AGGRESSIVE;
				CLANG_WARN_UNREACHABLE_CODE = YES;
				CLANG_WARN__DUPLICATE_METHOD_MATCH = YES;
				COPY_PHASE_STRIP = NO;
				DEBUG_INFORMATION_FORMAT = dwarf;
				ENABLE_STRICT_OBJC_MSGSEND = YES;
				ENABLE_TESTABILITY = YES;
				GCC_C_LANGUAGE_STANDARD = gnu11;
				GCC_DYNAMIC_NO_PIC = NO;
				GCC_NO_COMMON_BLOCKS = YES;
				GCC_OPTIMIZATION_LEVEL = 0;
				GCC_PREPROCESSOR_DEFINITIONS = (
					"DEBUG=1",
					"$(inherited)",
				);
				GCC_WARN_64_TO_32_BIT_CONVERSION = YES;
				GCC_WARN_ABOUT_RETURN_TYPE = YES_ERROR;
				GCC_WARN_UNDECLARED_SELECTOR = YES;
				GCC_WARN_UNINITIALIZED_AUTOS = YES_AGGRESSIVE;
				GCC_WARN_UNUSED_FUNCTION = YES;
				GCC_WARN_UNUSED_VARIABLE = YES;
				IPHONEOS_DEPLOYMENT_TARGET = 15.0;
				MTL_ENABLE_DEBUG_INFO = INCLUDE_SOURCE;
				MTL_FAST_MATH = YES;
				ONLY_ACTIVE_ARCH = YES;
				SDKROOT = iphoneos;
				SWIFT_ACTIVE_COMPILATION_CONDITIONS = DEBUG;
				SWIFT_OPTIMIZATION_LEVEL = "-Onone";
			};
			name = Debug;
		};
		8FBBCE6C270FAE7F007F3DEA /* Release */ = {
			isa = XCBuildConfiguration;
			buildSettings = {
				ALWAYS_SEARCH_USER_PATHS = NO;
				CLANG_ANALYZER_NONNULL = YES;
				CLANG_ANALYZER_NUMBER_OBJECT_CONVERSION = YES_AGGRESSIVE;
				CLANG_CXX_LANGUAGE_STANDARD = "gnu++17";
				CLANG_CXX_LIBRARY = "libc++";
				CLANG_ENABLE_MODULES = YES;
				CLANG_ENABLE_OBJC_ARC = YES;
				CLANG_ENABLE_OBJC_WEAK = YES;
				CLANG_WARN_BLOCK_CAPTURE_AUTORELEASING = YES;
				CLANG_WARN_BOOL_CONVERSION = YES;
				CLANG_WARN_COMMA = YES;
				CLANG_WARN_CONSTANT_CONVERSION = YES;
				CLANG_WARN_DEPRECATED_OBJC_IMPLEMENTATIONS = YES;
				CLANG_WARN_DIRECT_OBJC_ISA_USAGE = YES_ERROR;
				CLANG_WARN_DOCUMENTATION_COMMENTS = YES;
				CLANG_WARN_EMPTY_BODY = YES;
				CLANG_WARN_ENUM_CONVERSION = YES;
				CLANG_WARN_INFINITE_RECURSION = YES;
				CLANG_WARN_INT_CONVERSION = YES;
				CLANG_WARN_NON_LITERAL_NULL_CONVERSION = YES;
				CLANG_WARN_OBJC_IMPLICIT_RETAIN_SELF = YES;
				CLANG_WARN_OBJC_LITERAL_CONVERSION = YES;
				CLANG_WARN_OBJC_ROOT_CLASS = YES_ERROR;
				CLANG_WARN_QUOTED_INCLUDE_IN_FRAMEWORK_HEADER = YES;
				CLANG_WARN_RANGE_LOOP_ANALYSIS = YES;
				CLANG_WARN_STRICT_PROTOTYPES = YES;
				CLANG_WARN_SUSPICIOUS_MOVE = YES;
				CLANG_WARN_UNGUARDED_AVAILABILITY = YES_AGGRESSIVE;
				CLANG_WARN_UNREACHABLE_CODE = YES;
				CLANG_WARN__DUPLICATE_METHOD_MATCH = YES;
				COPY_PHASE_STRIP = NO;
				DEBUG_INFORMATION_FORMAT = "dwarf-with-dsym";
				ENABLE_NS_ASSERTIONS = NO;
				ENABLE_STRICT_OBJC_MSGSEND = YES;
				GCC_C_LANGUAGE_STANDARD = gnu11;
				GCC_NO_COMMON_BLOCKS = YES;
				GCC_WARN_64_TO_32_BIT_CONVERSION = YES;
				GCC_WARN_ABOUT_RETURN_TYPE = YES_ERROR;
				GCC_WARN_UNDECLARED_SELECTOR = YES;
				GCC_WARN_UNINITIALIZED_AUTOS = YES_AGGRESSIVE;
				GCC_WARN_UNUSED_FUNCTION = YES;
				GCC_WARN_UNUSED_VARIABLE = YES;
				IPHONEOS_DEPLOYMENT_TARGET = 15.0;
				MTL_ENABLE_DEBUG_INFO = NO;
				MTL_FAST_MATH = YES;
				SDKROOT = iphoneos;
				SWIFT_COMPILATION_MODE = wholemodule;
				SWIFT_OPTIMIZATION_LEVEL = "-O";
				VALIDATE_PRODUCT = YES;
			};
			name = Release;
		};
		8FBBCE6E270FAE7F007F3DEA /* Debug */ = {
			isa = XCBuildConfiguration;
			baseConfigurationReference = DE5728BE26B08FA8A6D3894F /* Pods-LottoLuckTester.debug.xcconfig */;
			buildSettings = {
				ASSETCATALOG_COMPILER_APPICON_NAME = AppIcon;
				ASSETCATALOG_COMPILER_GLOBAL_ACCENT_COLOR_NAME = AccentColor;
				CODE_SIGN_STYLE = Automatic;
				CURRENT_PROJECT_VERSION = 1;
				DEVELOPMENT_TEAM = 8F6L8PBYP8;
				GENERATE_INFOPLIST_FILE = YES;
				INFOPLIST_FILE = LottoLuckTester/Info.plist;
				INFOPLIST_KEY_CFBundleDisplayName = "The Forever Lotto";
				INFOPLIST_KEY_UIApplicationSupportsIndirectInputEvents = YES;
				INFOPLIST_KEY_UILaunchStoryboardName = LaunchScreen;
				INFOPLIST_KEY_UIMainStoryboardFile = Main;
				INFOPLIST_KEY_UISupportedInterfaceOrientations_iPad = "UIInterfaceOrientationPortrait UIInterfaceOrientationPortraitUpsideDown UIInterfaceOrientationLandscapeLeft UIInterfaceOrientationLandscapeRight";
				INFOPLIST_KEY_UISupportedInterfaceOrientations_iPhone = "UIInterfaceOrientationPortrait UIInterfaceOrientationLandscapeLeft UIInterfaceOrientationLandscapeRight";
				IPHONEOS_DEPLOYMENT_TARGET = 14.0;
				LD_RUNPATH_SEARCH_PATHS = (
					"$(inherited)",
					"@executable_path/Frameworks",
				);
				MARKETING_VERSION = 1.0;
				PRODUCT_BUNDLE_IDENTIFIER = com.codingwithnoah.LottoLuckTester;
				PRODUCT_NAME = "$(TARGET_NAME)";
				SWIFT_EMIT_LOC_STRINGS = YES;
				SWIFT_VERSION = 5.0;
				TARGETED_DEVICE_FAMILY = "1,2";
			};
			name = Debug;
		};
		8FBBCE6F270FAE7F007F3DEA /* Release */ = {
			isa = XCBuildConfiguration;
			baseConfigurationReference = 0C22825101362B9A6D90C1B8 /* Pods-LottoLuckTester.release.xcconfig */;
			buildSettings = {
				ASSETCATALOG_COMPILER_APPICON_NAME = AppIcon;
				ASSETCATALOG_COMPILER_GLOBAL_ACCENT_COLOR_NAME = AccentColor;
				CODE_SIGN_STYLE = Automatic;
				CURRENT_PROJECT_VERSION = 1;
				DEVELOPMENT_TEAM = 8F6L8PBYP8;
				GENERATE_INFOPLIST_FILE = YES;
				INFOPLIST_FILE = LottoLuckTester/Info.plist;
				INFOPLIST_KEY_CFBundleDisplayName = "The Forever Lotto";
				INFOPLIST_KEY_UIApplicationSupportsIndirectInputEvents = YES;
				INFOPLIST_KEY_UILaunchStoryboardName = LaunchScreen;
				INFOPLIST_KEY_UIMainStoryboardFile = Main;
				INFOPLIST_KEY_UISupportedInterfaceOrientations_iPad = "UIInterfaceOrientationPortrait UIInterfaceOrientationPortraitUpsideDown UIInterfaceOrientationLandscapeLeft UIInterfaceOrientationLandscapeRight";
				INFOPLIST_KEY_UISupportedInterfaceOrientations_iPhone = "UIInterfaceOrientationPortrait UIInterfaceOrientationLandscapeLeft UIInterfaceOrientationLandscapeRight";
				IPHONEOS_DEPLOYMENT_TARGET = 14.0;
				LD_RUNPATH_SEARCH_PATHS = (
					"$(inherited)",
					"@executable_path/Frameworks",
				);
				MARKETING_VERSION = 1.0;
				PRODUCT_BUNDLE_IDENTIFIER = com.codingwithnoah.LottoLuckTester;
				PRODUCT_NAME = "$(TARGET_NAME)";
				SWIFT_EMIT_LOC_STRINGS = YES;
				SWIFT_VERSION = 5.0;
				TARGETED_DEVICE_FAMILY = "1,2";
			};
			name = Release;
		};
/* End XCBuildConfiguration section */

/* Begin XCConfigurationList section */
		8F17EB322734A9250099599C /* Build configuration list for PBXNativeTarget "LottoLuckTesterTests" */ = {
			isa = XCConfigurationList;
			buildConfigurations = (
				8F17EB332734A9250099599C /* Debug */,
				8F17EB342734A9250099599C /* Release */,
			);
			defaultConfigurationIsVisible = 0;
			defaultConfigurationName = Release;
		};
		8FBBCE51270FAE7D007F3DEA /* Build configuration list for PBXProject "LottoLuckTester" */ = {
			isa = XCConfigurationList;
			buildConfigurations = (
				8FBBCE6B270FAE7F007F3DEA /* Debug */,
				8FBBCE6C270FAE7F007F3DEA /* Release */,
			);
			defaultConfigurationIsVisible = 0;
			defaultConfigurationName = Release;
		};
		8FBBCE6D270FAE7F007F3DEA /* Build configuration list for PBXNativeTarget "LottoLuckTester" */ = {
			isa = XCConfigurationList;
			buildConfigurations = (
				8FBBCE6E270FAE7F007F3DEA /* Debug */,
				8FBBCE6F270FAE7F007F3DEA /* Release */,
			);
			defaultConfigurationIsVisible = 0;
			defaultConfigurationName = Release;
		};
/* End XCConfigurationList section */
	};
	rootObject = 8FBBCE4E270FAE7D007F3DEA /* Project object */;
}
